// !$*UTF8*$!
{
	archiveVersion = 1;
	classes = {
	};
	objectVersion = 51;
	objects = {

/* Begin PBXBuildFile section */
		57DFAF5A2426140C00DFF48F /* AppDelegate.swift in Sources */ = {isa = PBXBuildFile; fileRef = 57DFAF592426140C00DFF48F /* AppDelegate.swift */; };
		57DFAF5C2426140C00DFF48F /* SceneDelegate.swift in Sources */ = {isa = PBXBuildFile; fileRef = 57DFAF5B2426140C00DFF48F /* SceneDelegate.swift */; };
		57DFAF5E2426140C00DFF48F /* ContentView.swift in Sources */ = {isa = PBXBuildFile; fileRef = 57DFAF5D2426140C00DFF48F /* ContentView.swift */; };
		57DFAF602426141100DFF48F /* Assets.xcassets in Resources */ = {isa = PBXBuildFile; fileRef = 57DFAF5F2426141100DFF48F /* Assets.xcassets */; };
		57DFAF632426141100DFF48F /* Preview Assets.xcassets in Resources */ = {isa = PBXBuildFile; fileRef = 57DFAF622426141100DFF48F /* Preview Assets.xcassets */; };
		57DFAF662426141100DFF48F /* LaunchScreen.storyboard in Resources */ = {isa = PBXBuildFile; fileRef = 57DFAF642426141100DFF48F /* LaunchScreen.storyboard */; };
		57DFAF7124261FE900DFF48F /* List.swift in Sources */ = {isa = PBXBuildFile; fileRef = 57DFAF7024261FE900DFF48F /* List.swift */; };
		57DFAF742426201700DFF48F /* DataStructure.swift in Sources */ = {isa = PBXBuildFile; fileRef = 57DFAF732426201700DFF48F /* DataStructure.swift */; };
		57DFAF772426209600DFF48F /* String+Extensions.swift in Sources */ = {isa = PBXBuildFile; fileRef = 57DFAF762426209600DFF48F /* String+Extensions.swift */; };
		57DFAF79242620E100DFF48F /* HashTable.swift in Sources */ = {isa = PBXBuildFile; fileRef = 57DFAF78242620E100DFF48F /* HashTable.swift */; };
		57DFAF7D2426212C00DFF48F /* DecodableType.swift in Sources */ = {isa = PBXBuildFile; fileRef = 57DFAF7C2426212C00DFF48F /* DecodableType.swift */; };
		57DFAF7F2426215000DFF48F /* CustomCodable.swift in Sources */ = {isa = PBXBuildFile; fileRef = 57DFAF7E2426215000DFF48F /* CustomCodable.swift */; };
		57DFAF812426221200DFF48F /* CodableList.swift in Sources */ = {isa = PBXBuildFile; fileRef = 57DFAF802426221200DFF48F /* CodableList.swift */; };
		57DFAF832426223200DFF48F /* Coder.swift in Sources */ = {isa = PBXBuildFile; fileRef = 57DFAF822426223200DFF48F /* Coder.swift */; };
		57DFAF852426224D00DFF48F /* CustomCoder.swift in Sources */ = {isa = PBXBuildFile; fileRef = 57DFAF842426224D00DFF48F /* CustomCoder.swift */; };
		57DFAF892426555300DFF48F /* Seance.swift in Sources */ = {isa = PBXBuildFile; fileRef = 57DFAF882426555300DFF48F /* Seance.swift */; };
		57DFAF8B2426557600DFF48F /* Film.swift in Sources */ = {isa = PBXBuildFile; fileRef = 57DFAF8A2426557600DFF48F /* Film.swift */; };
		57DFAF8D2426558700DFF48F /* Director.swift in Sources */ = {isa = PBXBuildFile; fileRef = 57DFAF8C2426558700DFF48F /* Director.swift */; };
		57DFAF90242655FD00DFF48F /* StorageService.swift in Sources */ = {isa = PBXBuildFile; fileRef = 57DFAF8F242655FD00DFF48F /* StorageService.swift */; };
		57DFAF942426614800DFF48F /* StorageError.swift in Sources */ = {isa = PBXBuildFile; fileRef = 57DFAF932426614800DFF48F /* StorageError.swift */; };
		57DFAF962426616F00DFF48F /* CoderError.swift in Sources */ = {isa = PBXBuildFile; fileRef = 57DFAF952426616F00DFF48F /* CoderError.swift */; };
		57DFAF9A2426824500DFF48F /* StorageEntity.swift in Sources */ = {isa = PBXBuildFile; fileRef = 57DFAF992426824500DFF48F /* StorageEntity.swift */; };
		57DFAF9C2427279200DFF48F /* Day.swift in Sources */ = {isa = PBXBuildFile; fileRef = 57DFAF9B2427279200DFF48F /* Day.swift */; };
		57DFAFA224272D2000DFF48F /* Time.swift in Sources */ = {isa = PBXBuildFile; fileRef = 57DFAFA124272D2000DFF48F /* Time.swift */; };
		57DFAFA62427640900DFF48F /* TimeError.swift in Sources */ = {isa = PBXBuildFile; fileRef = 57DFAFA52427640900DFF48F /* TimeError.swift */; };
		7C0193013B891F8097B35EFC /* Pods_FunctionalCinema.framework in Frameworks */ = {isa = PBXBuildFile; fileRef = F921572D0F820BCDF4C2E6E2 /* Pods_FunctionalCinema.framework */; };
/* End PBXBuildFile section */

/* Begin PBXFileReference section */
		57DFAF562426140C00DFF48F /* FunctionalCinema.app */ = {isa = PBXFileReference; explicitFileType = wrapper.application; includeInIndex = 0; path = FunctionalCinema.app; sourceTree = BUILT_PRODUCTS_DIR; };
		57DFAF592426140C00DFF48F /* AppDelegate.swift */ = {isa = PBXFileReference; lastKnownFileType = sourcecode.swift; path = AppDelegate.swift; sourceTree = "<group>"; };
		57DFAF5B2426140C00DFF48F /* SceneDelegate.swift */ = {isa = PBXFileReference; lastKnownFileType = sourcecode.swift; path = SceneDelegate.swift; sourceTree = "<group>"; };
		57DFAF5D2426140C00DFF48F /* ContentView.swift */ = {isa = PBXFileReference; lastKnownFileType = sourcecode.swift; path = ContentView.swift; sourceTree = "<group>"; };
		57DFAF5F2426141100DFF48F /* Assets.xcassets */ = {isa = PBXFileReference; lastKnownFileType = folder.assetcatalog; path = Assets.xcassets; sourceTree = "<group>"; };
		57DFAF622426141100DFF48F /* Preview Assets.xcassets */ = {isa = PBXFileReference; lastKnownFileType = folder.assetcatalog; path = "Preview Assets.xcassets"; sourceTree = "<group>"; };
		57DFAF652426141100DFF48F /* Base */ = {isa = PBXFileReference; lastKnownFileType = file.storyboard; name = Base; path = Base.lproj/LaunchScreen.storyboard; sourceTree = "<group>"; };
		57DFAF672426141100DFF48F /* Info.plist */ = {isa = PBXFileReference; lastKnownFileType = text.plist.xml; path = Info.plist; sourceTree = "<group>"; };
		57DFAF7024261FE900DFF48F /* List.swift */ = {isa = PBXFileReference; lastKnownFileType = sourcecode.swift; path = List.swift; sourceTree = "<group>"; };
		57DFAF732426201700DFF48F /* DataStructure.swift */ = {isa = PBXFileReference; lastKnownFileType = sourcecode.swift; path = DataStructure.swift; sourceTree = "<group>"; };
		57DFAF762426209600DFF48F /* String+Extensions.swift */ = {isa = PBXFileReference; lastKnownFileType = sourcecode.swift; path = "String+Extensions.swift"; sourceTree = "<group>"; };
		57DFAF78242620E100DFF48F /* HashTable.swift */ = {isa = PBXFileReference; lastKnownFileType = sourcecode.swift; path = HashTable.swift; sourceTree = "<group>"; };
		57DFAF7C2426212C00DFF48F /* DecodableType.swift */ = {isa = PBXFileReference; lastKnownFileType = sourcecode.swift; path = DecodableType.swift; sourceTree = "<group>"; };
		57DFAF7E2426215000DFF48F /* CustomCodable.swift */ = {isa = PBXFileReference; lastKnownFileType = sourcecode.swift; path = CustomCodable.swift; sourceTree = "<group>"; };
		57DFAF802426221200DFF48F /* CodableList.swift */ = {isa = PBXFileReference; lastKnownFileType = sourcecode.swift; path = CodableList.swift; sourceTree = "<group>"; };
		57DFAF822426223200DFF48F /* Coder.swift */ = {isa = PBXFileReference; lastKnownFileType = sourcecode.swift; path = Coder.swift; sourceTree = "<group>"; };
		57DFAF842426224D00DFF48F /* CustomCoder.swift */ = {isa = PBXFileReference; lastKnownFileType = sourcecode.swift; path = CustomCoder.swift; sourceTree = "<group>"; };
		57DFAF86242622CF00DFF48F /* FunctionalCinema.entitlements */ = {isa = PBXFileReference; lastKnownFileType = text.plist.entitlements; path = FunctionalCinema.entitlements; sourceTree = "<group>"; };
		57DFAF882426555300DFF48F /* Seance.swift */ = {isa = PBXFileReference; lastKnownFileType = sourcecode.swift; path = Seance.swift; sourceTree = "<group>"; };
		57DFAF8A2426557600DFF48F /* Film.swift */ = {isa = PBXFileReference; lastKnownFileType = sourcecode.swift; path = Film.swift; sourceTree = "<group>"; };
		57DFAF8C2426558700DFF48F /* Director.swift */ = {isa = PBXFileReference; lastKnownFileType = sourcecode.swift; path = Director.swift; sourceTree = "<group>"; };
		57DFAF8F242655FD00DFF48F /* StorageService.swift */ = {isa = PBXFileReference; lastKnownFileType = sourcecode.swift; path = StorageService.swift; sourceTree = "<group>"; };
		57DFAF932426614800DFF48F /* StorageError.swift */ = {isa = PBXFileReference; lastKnownFileType = sourcecode.swift; path = StorageError.swift; sourceTree = "<group>"; };
		57DFAF952426616F00DFF48F /* CoderError.swift */ = {isa = PBXFileReference; lastKnownFileType = sourcecode.swift; path = CoderError.swift; sourceTree = "<group>"; };
		57DFAF992426824500DFF48F /* StorageEntity.swift */ = {isa = PBXFileReference; lastKnownFileType = sourcecode.swift; path = StorageEntity.swift; sourceTree = "<group>"; };
		57DFAF9B2427279200DFF48F /* Day.swift */ = {isa = PBXFileReference; lastKnownFileType = sourcecode.swift; path = Day.swift; sourceTree = "<group>"; };
		57DFAFA124272D2000DFF48F /* Time.swift */ = {isa = PBXFileReference; lastKnownFileType = sourcecode.swift; path = Time.swift; sourceTree = "<group>"; };
		57DFAFA52427640900DFF48F /* TimeError.swift */ = {isa = PBXFileReference; lastKnownFileType = sourcecode.swift; path = TimeError.swift; sourceTree = "<group>"; };
		82578FD24F460E4086DBFAA5 /* Pods-FunctionalCinema.release.xcconfig */ = {isa = PBXFileReference; includeInIndex = 1; lastKnownFileType = text.xcconfig; name = "Pods-FunctionalCinema.release.xcconfig"; path = "Target Support Files/Pods-FunctionalCinema/Pods-FunctionalCinema.release.xcconfig"; sourceTree = "<group>"; };
		EFA47CAEFC7B1A558E994499 /* Pods-FunctionalCinema.debug.xcconfig */ = {isa = PBXFileReference; includeInIndex = 1; lastKnownFileType = text.xcconfig; name = "Pods-FunctionalCinema.debug.xcconfig"; path = "Target Support Files/Pods-FunctionalCinema/Pods-FunctionalCinema.debug.xcconfig"; sourceTree = "<group>"; };
		F921572D0F820BCDF4C2E6E2 /* Pods_FunctionalCinema.framework */ = {isa = PBXFileReference; explicitFileType = wrapper.framework; includeInIndex = 0; path = Pods_FunctionalCinema.framework; sourceTree = BUILT_PRODUCTS_DIR; };
/* End PBXFileReference section */

/* Begin PBXFrameworksBuildPhase section */
		57DFAF532426140C00DFF48F /* Frameworks */ = {
			isa = PBXFrameworksBuildPhase;
			buildActionMask = 2147483647;
			files = (
				7C0193013B891F8097B35EFC /* Pods_FunctionalCinema.framework in Frameworks */,
			);
			runOnlyForDeploymentPostprocessing = 0;
		};
/* End PBXFrameworksBuildPhase section */

/* Begin PBXGroup section */
		3772233A8D22FB230830C492 /* Pods */ = {
			isa = PBXGroup;
			children = (
				EFA47CAEFC7B1A558E994499 /* Pods-FunctionalCinema.debug.xcconfig */,
				82578FD24F460E4086DBFAA5 /* Pods-FunctionalCinema.release.xcconfig */,
			);
			path = Pods;
			sourceTree = "<group>";
		};
		57DFAF4D2426140C00DFF48F = {
			isa = PBXGroup;
			children = (
				57DFAF582426140C00DFF48F /* FunctionalCinema */,
				57DFAF572426140C00DFF48F /* Products */,
				3772233A8D22FB230830C492 /* Pods */,
				D23AC8C4B7114D75C37AB0FC /* Frameworks */,
			);
			sourceTree = "<group>";
		};
		57DFAF572426140C00DFF48F /* Products */ = {
			isa = PBXGroup;
			children = (
				57DFAF562426140C00DFF48F /* FunctionalCinema.app */,
			);
			name = Products;
			sourceTree = "<group>";
		};
		57DFAF582426140C00DFF48F /* FunctionalCinema */ = {
			isa = PBXGroup;
			children = (
				57DFAFA3242763E600DFF48F /* Utils */,
				57DFAF872426550000DFF48F /* Model */,
				57DFAF86242622CF00DFF48F /* FunctionalCinema.entitlements */,
				57DFAF7A2426210500DFF48F /* Services */,
				57DFAF752426208900DFF48F /* Extensions */,
				57DFAF722426200800DFF48F /* Protocols */,
				57DFAF6F24261FC700DFF48F /* Data Structures */,
				57DFAF592426140C00DFF48F /* AppDelegate.swift */,
				57DFAF5B2426140C00DFF48F /* SceneDelegate.swift */,
				57DFAF5D2426140C00DFF48F /* ContentView.swift */,
				57DFAF5F2426141100DFF48F /* Assets.xcassets */,
				57DFAF642426141100DFF48F /* LaunchScreen.storyboard */,
				57DFAF672426141100DFF48F /* Info.plist */,
				57DFAF612426141100DFF48F /* Preview Content */,
			);
			path = FunctionalCinema;
			sourceTree = "<group>";
		};
		57DFAF612426141100DFF48F /* Preview Content */ = {
			isa = PBXGroup;
			children = (
				57DFAF622426141100DFF48F /* Preview Assets.xcassets */,
			);
			path = "Preview Content";
			sourceTree = "<group>";
		};
		57DFAF6F24261FC700DFF48F /* Data Structures */ = {
			isa = PBXGroup;
			children = (
				57DFAF7024261FE900DFF48F /* List.swift */,
				57DFAF78242620E100DFF48F /* HashTable.swift */,
				57DFAF802426221200DFF48F /* CodableList.swift */,
			);
			path = "Data Structures";
			sourceTree = "<group>";
		};
		57DFAF722426200800DFF48F /* Protocols */ = {
			isa = PBXGroup;
			children = (
				57DFAF7E2426215000DFF48F /* CustomCodable.swift */,
				57DFAF732426201700DFF48F /* DataStructure.swift */,
				57DFAF822426223200DFF48F /* Coder.swift */,
				57DFAF992426824500DFF48F /* StorageEntity.swift */,
			);
			path = Protocols;
			sourceTree = "<group>";
		};
		57DFAF752426208900DFF48F /* Extensions */ = {
			isa = PBXGroup;
			children = (
				57DFAF762426209600DFF48F /* String+Extensions.swift */,
			);
			path = Extensions;
			sourceTree = "<group>";
		};
		57DFAF7A2426210500DFF48F /* Services */ = {
			isa = PBXGroup;
			children = (
				57DFAF9D24272C7100DFF48F /* Seance */,
				57DFAF8E242655A200DFF48F /* Storage */,
				57DFAF7B2426210A00DFF48F /* Coder */,
			);
			path = Services;
			sourceTree = "<group>";
		};
		57DFAF7B2426210A00DFF48F /* Coder */ = {
			isa = PBXGroup;
			children = (
				57DFAF7C2426212C00DFF48F /* DecodableType.swift */,
				57DFAF842426224D00DFF48F /* CustomCoder.swift */,
			);
			path = Coder;
			sourceTree = "<group>";
		};
		57DFAF872426550000DFF48F /* Model */ = {
			isa = PBXGroup;
			children = (
				57DFAFA024272CC400DFF48F /* StorageEntity */,
				57DFAF9B2427279200DFF48F /* Day.swift */,
				57DFAFA124272D2000DFF48F /* Time.swift */,
			);
			path = Model;
			sourceTree = "<group>";
		};
		57DFAF8E242655A200DFF48F /* Storage */ = {
			isa = PBXGroup;
			children = (
				57DFAF8F242655FD00DFF48F /* StorageService.swift */,
			);
			path = Storage;
			sourceTree = "<group>";
		};
		57DFAF9D24272C7100DFF48F /* Seance */ = {
			isa = PBXGroup;
			children = (
			);
			path = Seance;
			sourceTree = "<group>";
		};
		57DFAFA024272CC400DFF48F /* StorageEntity */ = {
			isa = PBXGroup;
			children = (
				57DFAF8C2426558700DFF48F /* Director.swift */,
				57DFAF8A2426557600DFF48F /* Film.swift */,
				57DFAF882426555300DFF48F /* Seance.swift */,
			);
			path = StorageEntity;
			sourceTree = "<group>";
		};
		57DFAFA3242763E600DFF48F /* Utils */ = {
			isa = PBXGroup;
			children = (
				57DFAFA4242763F100DFF48F /* Errors */,
			);
			path = Utils;
			sourceTree = "<group>";
		};
		57DFAFA4242763F100DFF48F /* Errors */ = {
			isa = PBXGroup;
			children = (
				57DFAF952426616F00DFF48F /* CoderError.swift */,
				57DFAF932426614800DFF48F /* StorageError.swift */,
				57DFAFA52427640900DFF48F /* TimeError.swift */,
			);
			path = Errors;
			sourceTree = "<group>";
		};
		D23AC8C4B7114D75C37AB0FC /* Frameworks */ = {
			isa = PBXGroup;
			children = (
				F921572D0F820BCDF4C2E6E2 /* Pods_FunctionalCinema.framework */,
			);
			name = Frameworks;
			sourceTree = "<group>";
		};
/* End PBXGroup section */

/* Begin PBXNativeTarget section */
		57DFAF552426140C00DFF48F /* FunctionalCinema */ = {
			isa = PBXNativeTarget;
			buildConfigurationList = 57DFAF6A2426141100DFF48F /* Build configuration list for PBXNativeTarget "FunctionalCinema" */;
			buildPhases = (
				E1CFD005433BA87299F4DE1F /* [CP] Check Pods Manifest.lock */,
				57DFAF522426140C00DFF48F /* Sources */,
				57DFAF532426140C00DFF48F /* Frameworks */,
				57DFAF542426140C00DFF48F /* Resources */,
				179782E7A6F0D8E1393619C0 /* [CP] Embed Pods Frameworks */,
			);
			buildRules = (
			);
			dependencies = (
			);
			name = FunctionalCinema;
			productName = FunctionalCinema;
			productReference = 57DFAF562426140C00DFF48F /* FunctionalCinema.app */;
			productType = "com.apple.product-type.application";
		};
/* End PBXNativeTarget section */

/* Begin PBXProject section */
		57DFAF4E2426140C00DFF48F /* Project object */ = {
			isa = PBXProject;
			attributes = {
				LastSwiftUpdateCheck = 1110;
				LastUpgradeCheck = 1110;
				ORGANIZATIONNAME = Victor;
				TargetAttributes = {
					57DFAF552426140C00DFF48F = {
						CreatedOnToolsVersion = 11.1;
					};
				};
			};
			buildConfigurationList = 57DFAF512426140C00DFF48F /* Build configuration list for PBXProject "FunctionalCinema" */;
			compatibilityVersion = "Xcode 9.3";
			developmentRegion = en;
			hasScannedForEncodings = 0;
			knownRegions = (
				en,
				Base,
			);
			mainGroup = 57DFAF4D2426140C00DFF48F;
			productRefGroup = 57DFAF572426140C00DFF48F /* Products */;
			projectDirPath = "";
			projectRoot = "";
			targets = (
				57DFAF552426140C00DFF48F /* FunctionalCinema */,
			);
		};
/* End PBXProject section */

/* Begin PBXResourcesBuildPhase section */
		57DFAF542426140C00DFF48F /* Resources */ = {
			isa = PBXResourcesBuildPhase;
			buildActionMask = 2147483647;
			files = (
				57DFAF662426141100DFF48F /* LaunchScreen.storyboard in Resources */,
				57DFAF632426141100DFF48F /* Preview Assets.xcassets in Resources */,
				57DFAF602426141100DFF48F /* Assets.xcassets in Resources */,
			);
			runOnlyForDeploymentPostprocessing = 0;
		};
/* End PBXResourcesBuildPhase section */

/* Begin PBXShellScriptBuildPhase section */
		179782E7A6F0D8E1393619C0 /* [CP] Embed Pods Frameworks */ = {
			isa = PBXShellScriptBuildPhase;
			buildActionMask = 2147483647;
			files = (
			);
			inputFileListPaths = (
				"${PODS_ROOT}/Target Support Files/Pods-FunctionalCinema/Pods-FunctionalCinema-frameworks-${CONFIGURATION}-input-files.xcfilelist",
			);
			name = "[CP] Embed Pods Frameworks";
			outputFileListPaths = (
				"${PODS_ROOT}/Target Support Files/Pods-FunctionalCinema/Pods-FunctionalCinema-frameworks-${CONFIGURATION}-output-files.xcfilelist",
			);
			runOnlyForDeploymentPostprocessing = 0;
			shellPath = /bin/sh;
			shellScript = "\"${PODS_ROOT}/Target Support Files/Pods-FunctionalCinema/Pods-FunctionalCinema-frameworks.sh\"\n";
			showEnvVarsInLog = 0;
		};
		E1CFD005433BA87299F4DE1F /* [CP] Check Pods Manifest.lock */ = {
			isa = PBXShellScriptBuildPhase;
			buildActionMask = 2147483647;
			files = (
			);
			inputFileListPaths = (
			);
			inputPaths = (
				"${PODS_PODFILE_DIR_PATH}/Podfile.lock",
				"${PODS_ROOT}/Manifest.lock",
			);
			name = "[CP] Check Pods Manifest.lock";
			outputFileListPaths = (
			);
			outputPaths = (
				"$(DERIVED_FILE_DIR)/Pods-FunctionalCinema-checkManifestLockResult.txt",
			);
			runOnlyForDeploymentPostprocessing = 0;
			shellPath = /bin/sh;
			shellScript = "diff \"${PODS_PODFILE_DIR_PATH}/Podfile.lock\" \"${PODS_ROOT}/Manifest.lock\" > /dev/null\nif [ $? != 0 ] ; then\n    # print error to STDERR\n    echo \"error: The sandbox is not in sync with the Podfile.lock. Run 'pod install' or update your CocoaPods installation.\" >&2\n    exit 1\nfi\n# This output is used by Xcode 'outputs' to avoid re-running this script phase.\necho \"SUCCESS\" > \"${SCRIPT_OUTPUT_FILE_0}\"\n";
			showEnvVarsInLog = 0;
		};
/* End PBXShellScriptBuildPhase section */

/* Begin PBXSourcesBuildPhase section */
		57DFAF522426140C00DFF48F /* Sources */ = {
			isa = PBXSourcesBuildPhase;
			buildActionMask = 2147483647;
			files = (
				57DFAF5A2426140C00DFF48F /* AppDelegate.swift in Sources */,
				57DFAF7124261FE900DFF48F /* List.swift in Sources */,
				57DFAFA62427640900DFF48F /* TimeError.swift in Sources */,
				57DFAFA224272D2000DFF48F /* Time.swift in Sources */,
				57DFAF79242620E100DFF48F /* HashTable.swift in Sources */,
				57DFAF7D2426212C00DFF48F /* DecodableType.swift in Sources */,
				57DFAF812426221200DFF48F /* CodableList.swift in Sources */,
				57DFAF90242655FD00DFF48F /* StorageService.swift in Sources */,
				57DFAF962426616F00DFF48F /* CoderError.swift in Sources */,
				57DFAF742426201700DFF48F /* DataStructure.swift in Sources */,
				57DFAF5C2426140C00DFF48F /* SceneDelegate.swift in Sources */,
				57DFAF8D2426558700DFF48F /* Director.swift in Sources */,
				57DFAF7F2426215000DFF48F /* CustomCodable.swift in Sources */,
				57DFAF852426224D00DFF48F /* CustomCoder.swift in Sources */,
				57DFAF942426614800DFF48F /* StorageError.swift in Sources */,
				57DFAF892426555300DFF48F /* Seance.swift in Sources */,
				57DFAF772426209600DFF48F /* String+Extensions.swift in Sources */,
				57DFAF832426223200DFF48F /* Coder.swift in Sources */,
				57DFAF5E2426140C00DFF48F /* ContentView.swift in Sources */,
				57DFAF9C2427279200DFF48F /* Day.swift in Sources */,
				57DFAF9A2426824500DFF48F /* StorageEntity.swift in Sources */,
				57DFAF8B2426557600DFF48F /* Film.swift in Sources */,
			);
			runOnlyForDeploymentPostprocessing = 0;
		};
/* End PBXSourcesBuildPhase section */

/* Begin PBXVariantGroup section */
		57DFAF642426141100DFF48F /* LaunchScreen.storyboard */ = {
			isa = PBXVariantGroup;
			children = (
				57DFAF652426141100DFF48F /* Base */,
			);
			name = LaunchScreen.storyboard;
			sourceTree = "<group>";
		};
/* End PBXVariantGroup section */

/* Begin XCBuildConfiguration section */
		57DFAF682426141100DFF48F /* Debug */ = {
			isa = XCBuildConfiguration;
			buildSettings = {
				ALWAYS_SEARCH_USER_PATHS = NO;
				CLANG_ANALYZER_NONNULL = YES;
				CLANG_ANALYZER_NUMBER_OBJECT_CONVERSION = YES_AGGRESSIVE;
				CLANG_CXX_LANGUAGE_STANDARD = "gnu++14";
				CLANG_CXX_LIBRARY = "libc++";
				CLANG_ENABLE_MODULES = YES;
				CLANG_ENABLE_OBJC_ARC = YES;
				CLANG_ENABLE_OBJC_WEAK = YES;
				CLANG_WARN_BLOCK_CAPTURE_AUTORELEASING = YES;
				CLANG_WARN_BOOL_CONVERSION = YES;
				CLANG_WARN_COMMA = YES;
				CLANG_WARN_CONSTANT_CONVERSION = YES;
				CLANG_WARN_DEPRECATED_OBJC_IMPLEMENTATIONS = YES;
				CLANG_WARN_DIRECT_OBJC_ISA_USAGE = YES_ERROR;
				CLANG_WARN_DOCUMENTATION_COMMENTS = YES;
				CLANG_WARN_EMPTY_BODY = YES;
				CLANG_WARN_ENUM_CONVERSION = YES;
				CLANG_WARN_INFINITE_RECURSION = YES;
				CLANG_WARN_INT_CONVERSION = YES;
				CLANG_WARN_NON_LITERAL_NULL_CONVERSION = YES;
				CLANG_WARN_OBJC_IMPLICIT_RETAIN_SELF = YES;
				CLANG_WARN_OBJC_LITERAL_CONVERSION = YES;
				CLANG_WARN_OBJC_ROOT_CLASS = YES_ERROR;
				CLANG_WARN_RANGE_LOOP_ANALYSIS = YES;
				CLANG_WARN_STRICT_PROTOTYPES = YES;
				CLANG_WARN_SUSPICIOUS_MOVE = YES;
				CLANG_WARN_UNGUARDED_AVAILABILITY = YES_AGGRESSIVE;
				CLANG_WARN_UNREACHABLE_CODE = YES;
				CLANG_WARN__DUPLICATE_METHOD_MATCH = YES;
				COPY_PHASE_STRIP = NO;
				DEBUG_INFORMATION_FORMAT = dwarf;
				ENABLE_STRICT_OBJC_MSGSEND = YES;
				ENABLE_TESTABILITY = YES;
				GCC_C_LANGUAGE_STANDARD = gnu11;
				GCC_DYNAMIC_NO_PIC = NO;
				GCC_NO_COMMON_BLOCKS = YES;
				GCC_OPTIMIZATION_LEVEL = 0;
				GCC_PREPROCESSOR_DEFINITIONS = (
					"DEBUG=1",
					"$(inherited)",
				);
				GCC_WARN_64_TO_32_BIT_CONVERSION = YES;
				GCC_WARN_ABOUT_RETURN_TYPE = YES_ERROR;
				GCC_WARN_UNDECLARED_SELECTOR = YES;
				GCC_WARN_UNINITIALIZED_AUTOS = YES_AGGRESSIVE;
				GCC_WARN_UNUSED_FUNCTION = YES;
				GCC_WARN_UNUSED_VARIABLE = YES;
				IPHONEOS_DEPLOYMENT_TARGET = 13.1;
				MTL_ENABLE_DEBUG_INFO = INCLUDE_SOURCE;
				MTL_FAST_MATH = YES;
				ONLY_ACTIVE_ARCH = YES;
				SDKROOT = iphoneos;
				SWIFT_ACTIVE_COMPILATION_CONDITIONS = DEBUG;
				SWIFT_OPTIMIZATION_LEVEL = "-Onone";
			};
			name = Debug;
		};
		57DFAF692426141100DFF48F /* Release */ = {
			isa = XCBuildConfiguration;
			buildSettings = {
				ALWAYS_SEARCH_USER_PATHS = NO;
				CLANG_ANALYZER_NONNULL = YES;
				CLANG_ANALYZER_NUMBER_OBJECT_CONVERSION = YES_AGGRESSIVE;
				CLANG_CXX_LANGUAGE_STANDARD = "gnu++14";
				CLANG_CXX_LIBRARY = "libc++";
				CLANG_ENABLE_MODULES = YES;
				CLANG_ENABLE_OBJC_ARC = YES;
				CLANG_ENABLE_OBJC_WEAK = YES;
				CLANG_WARN_BLOCK_CAPTURE_AUTORELEASING = YES;
				CLANG_WARN_BOOL_CONVERSION = YES;
				CLANG_WARN_COMMA = YES;
				CLANG_WARN_CONSTANT_CONVERSION = YES;
				CLANG_WARN_DEPRECATED_OBJC_IMPLEMENTATIONS = YES;
				CLANG_WARN_DIRECT_OBJC_ISA_USAGE = YES_ERROR;
				CLANG_WARN_DOCUMENTATION_COMMENTS = YES;
				CLANG_WARN_EMPTY_BODY = YES;
				CLANG_WARN_ENUM_CONVERSION = YES;
				CLANG_WARN_INFINITE_RECURSION = YES;
				CLANG_WARN_INT_CONVERSION = YES;
				CLANG_WARN_NON_LITERAL_NULL_CONVERSION = YES;
				CLANG_WARN_OBJC_IMPLICIT_RETAIN_SELF = YES;
				CLANG_WARN_OBJC_LITERAL_CONVERSION = YES;
				CLANG_WARN_OBJC_ROOT_CLASS = YES_ERROR;
				CLANG_WARN_RANGE_LOOP_ANALYSIS = YES;
				CLANG_WARN_STRICT_PROTOTYPES = YES;
				CLANG_WARN_SUSPICIOUS_MOVE = YES;
				CLANG_WARN_UNGUARDED_AVAILABILITY = YES_AGGRESSIVE;
				CLANG_WARN_UNREACHABLE_CODE = YES;
				CLANG_WARN__DUPLICATE_METHOD_MATCH = YES;
				COPY_PHASE_STRIP = NO;
				DEBUG_INFORMATION_FORMAT = "dwarf-with-dsym";
				ENABLE_NS_ASSERTIONS = NO;
				ENABLE_STRICT_OBJC_MSGSEND = YES;
				GCC_C_LANGUAGE_STANDARD = gnu11;
				GCC_NO_COMMON_BLOCKS = YES;
				GCC_WARN_64_TO_32_BIT_CONVERSION = YES;
				GCC_WARN_ABOUT_RETURN_TYPE = YES_ERROR;
				GCC_WARN_UNDECLARED_SELECTOR = YES;
				GCC_WARN_UNINITIALIZED_AUTOS = YES_AGGRESSIVE;
				GCC_WARN_UNUSED_FUNCTION = YES;
				GCC_WARN_UNUSED_VARIABLE = YES;
				IPHONEOS_DEPLOYMENT_TARGET = 13.1;
				MTL_ENABLE_DEBUG_INFO = NO;
				MTL_FAST_MATH = YES;
				SDKROOT = iphoneos;
				SWIFT_COMPILATION_MODE = wholemodule;
				SWIFT_OPTIMIZATION_LEVEL = "-O";
				VALIDATE_PRODUCT = YES;
			};
			name = Release;
		};
		57DFAF6B2426141100DFF48F /* Debug */ = {
			isa = XCBuildConfiguration;
			baseConfigurationReference = EFA47CAEFC7B1A558E994499 /* Pods-FunctionalCinema.debug.xcconfig */;
			buildSettings = {
				ASSETCATALOG_COMPILER_APPICON_NAME = AppIcon;
				CODE_SIGN_ENTITLEMENTS = FunctionalCinema/FunctionalCinema.entitlements;
				CODE_SIGN_STYLE = Automatic;
				DEVELOPMENT_ASSET_PATHS = "\"FunctionalCinema/Preview Content\"";
				DEVELOPMENT_TEAM = N28UYC6RTZ;
				ENABLE_PREVIEWS = YES;
				INFOPLIST_FILE = FunctionalCinema/Info.plist;
				LD_RUNPATH_SEARCH_PATHS = (
					"$(inherited)",
					"@executable_path/Frameworks",
				);
				PRODUCT_BUNDLE_IDENTIFIER = vsemenov.FunctionalCinema;
				PRODUCT_NAME = "$(TARGET_NAME)";
				SUPPORTS_MACCATALYST = NO;
				SWIFT_VERSION = 5.0;
				TARGETED_DEVICE_FAMILY = "1,2";
			};
			name = Debug;
		};
		57DFAF6C2426141100DFF48F /* Release */ = {
			isa = XCBuildConfiguration;
			baseConfigurationReference = 82578FD24F460E4086DBFAA5 /* Pods-FunctionalCinema.release.xcconfig */;
			buildSettings = {
				ASSETCATALOG_COMPILER_APPICON_NAME = AppIcon;
				CODE_SIGN_ENTITLEMENTS = FunctionalCinema/FunctionalCinema.entitlements;
				CODE_SIGN_STYLE = Automatic;
				DEVELOPMENT_ASSET_PATHS = "\"FunctionalCinema/Preview Content\"";
				DEVELOPMENT_TEAM = N28UYC6RTZ;
				ENABLE_PREVIEWS = YES;
				INFOPLIST_FILE = FunctionalCinema/Info.plist;
				LD_RUNPATH_SEARCH_PATHS = (
					"$(inherited)",
					"@executable_path/Frameworks",
				);
				PRODUCT_BUNDLE_IDENTIFIER = vsemenov.FunctionalCinema;
				PRODUCT_NAME = "$(TARGET_NAME)";
				SUPPORTS_MACCATALYST = NO;
				SWIFT_VERSION = 5.0;
				TARGETED_DEVICE_FAMILY = "1,2";
			};
			name = Release;
		};
/* End XCBuildConfiguration section */

/* Begin XCConfigurationList section */
		57DFAF512426140C00DFF48F /* Build configuration list for PBXProject "FunctionalCinema" */ = {
			isa = XCConfigurationList;
			buildConfigurations = (
				57DFAF682426141100DFF48F /* Debug */,
				57DFAF692426141100DFF48F /* Release */,
			);
			defaultConfigurationIsVisible = 0;
			defaultConfigurationName = Release;
		};
		57DFAF6A2426141100DFF48F /* Build configuration list for PBXNativeTarget "FunctionalCinema" */ = {
			isa = XCConfigurationList;
			buildConfigurations = (
				57DFAF6B2426141100DFF48F /* Debug */,
				57DFAF6C2426141100DFF48F /* Release */,
			);
			defaultConfigurationIsVisible = 0;
			defaultConfigurationName = Release;
		};
/* End XCConfigurationList section */
	};
	rootObject = 57DFAF4E2426140C00DFF48F /* Project object */;
}
